// !$*UTF8*$!
{
	archiveVersion = 1;
	classes = {
	};
	objectVersion = 50;
	objects = {

/* Begin PBXBuildFile section */
		2CE6DCC4242CD8300095BE6F /* AppDelegate.swift in Sources */ = {isa = PBXBuildFile; fileRef = 2CE6DCC3242CD8300095BE6F /* AppDelegate.swift */; };
		2CE6DCC6242CD8300095BE6F /* SceneDelegate.swift in Sources */ = {isa = PBXBuildFile; fileRef = 2CE6DCC5242CD8300095BE6F /* SceneDelegate.swift */; };
		2CE6DCC8242CD8300095BE6F /* ViewController.swift in Sources */ = {isa = PBXBuildFile; fileRef = 2CE6DCC7242CD8300095BE6F /* ViewController.swift */; };
		2CE6DCCB242CD8300095BE6F /* Main.storyboard in Resources */ = {isa = PBXBuildFile; fileRef = 2CE6DCC9242CD8300095BE6F /* Main.storyboard */; };
		2CE6DCCD242CD8350095BE6F /* Assets.xcassets in Resources */ = {isa = PBXBuildFile; fileRef = 2CE6DCCC242CD8350095BE6F /* Assets.xcassets */; };
		2CE6DCD0242CD8350095BE6F /* LaunchScreen.storyboard in Resources */ = {isa = PBXBuildFile; fileRef = 2CE6DCCE242CD8350095BE6F /* LaunchScreen.storyboard */; };
/* End PBXBuildFile section */

/* Begin PBXFileReference section */
		2C8AB0AA2431D2D000504A92 /* HelloViking.entitlements */ = {isa = PBXFileReference; lastKnownFileType = text.plist.entitlements; path = HelloViking.entitlements; sourceTree = "<group>"; };
		2CE6DCC0242CD8300095BE6F /* HelloViking.app */ = {isa = PBXFileReference; explicitFileType = wrapper.application; includeInIndex = 0; path = HelloViking.app; sourceTree = BUILT_PRODUCTS_DIR; };
		2CE6DCC3242CD8300095BE6F /* AppDelegate.swift */ = {isa = PBXFileReference; lastKnownFileType = sourcecode.swift; path = AppDelegate.swift; sourceTree = "<group>"; };
		2CE6DCC5242CD8300095BE6F /* SceneDelegate.swift */ = {isa = PBXFileReference; lastKnownFileType = sourcecode.swift; path = SceneDelegate.swift; sourceTree = "<group>"; };
		2CE6DCC7242CD8300095BE6F /* ViewController.swift */ = {isa = PBXFileReference; lastKnownFileType = sourcecode.swift; path = ViewController.swift; sourceTree = "<group>"; };
		2CE6DCCA242CD8300095BE6F /* Base */ = {isa = PBXFileReference; lastKnownFileType = file.storyboard; name = Base; path = Base.lproj/Main.storyboard; sourceTree = "<group>"; };
		2CE6DCCC242CD8350095BE6F /* Assets.xcassets */ = {isa = PBXFileReference; lastKnownFileType = folder.assetcatalog; path = Assets.xcassets; sourceTree = "<group>"; };
		2CE6DCCF242CD8350095BE6F /* Base */ = {isa = PBXFileReference; lastKnownFileType = file.storyboard; name = Base; path = Base.lproj/LaunchScreen.storyboard; sourceTree = "<group>"; };
		2CE6DCD1242CD8350095BE6F /* Info.plist */ = {isa = PBXFileReference; lastKnownFileType = text.plist.xml; path = Info.plist; sourceTree = "<group>"; };
/* End PBXFileReference section */

/* Begin PBXFrameworksBuildPhase section */
		2CE6DCBD242CD8300095BE6F /* Frameworks */ = {
			isa = PBXFrameworksBuildPhase;
			buildActionMask = 2147483647;
			files = (
			);
			runOnlyForDeploymentPostprocessing = 0;
		};
/* End PBXFrameworksBuildPhase section */

/* Begin PBXGroup section */
		2CE6DCB7242CD8300095BE6F = {
			isa = PBXGroup;
			children = (
				2CE6DCC2242CD8300095BE6F /* HelloViking */,
				2CE6DCC1242CD8300095BE6F /* Products */,
			);
			sourceTree = "<group>";
		};
		2CE6DCC1242CD8300095BE6F /* Products */ = {
			isa = PBXGroup;
			children = (
				2CE6DCC0242CD8300095BE6F /* HelloViking.app */,
			);
			name = Products;
			sourceTree = "<group>";
		};
		2CE6DCC2242CD8300095BE6F /* HelloViking */ = {
			isa = PBXGroup;
			children = (
				2C8AB0AA2431D2D000504A92 /* HelloViking.entitlements */,
				2CE6DCC3242CD8300095BE6F /* AppDelegate.swift */,
				2CE6DCC5242CD8300095BE6F /* SceneDelegate.swift */,
				2CE6DCC7242CD8300095BE6F /* ViewController.swift */,
				2CE6DCC9242CD8300095BE6F /* Main.storyboard */,
				2CE6DCCC242CD8350095BE6F /* Assets.xcassets */,
				2CE6DCCE242CD8350095BE6F /* LaunchScreen.storyboard */,
				2CE6DCD1242CD8350095BE6F /* Info.plist */,
			);
			path = HelloViking;
			sourceTree = "<group>";
		};
/* End PBXGroup section */

/* Begin PBXNativeTarget section */
		2CE6DCBF242CD8300095BE6F /* HelloViking */ = {
			isa = PBXNativeTarget;
			buildConfigurationList = 2CE6DCD4242CD8350095BE6F /* Build configuration list for PBXNativeTarget "HelloViking" */;
			buildPhases = (
				2CE6DCBC242CD8300095BE6F /* Sources */,
				2CE6DCBD242CD8300095BE6F /* Frameworks */,
				2CE6DCBE242CD8300095BE6F /* Resources */,
			);
			buildRules = (
			);
			dependencies = (
			);
			name = HelloViking;
			productName = HelloViking;
			productReference = 2CE6DCC0242CD8300095BE6F /* HelloViking.app */;
			productType = "com.apple.product-type.application";
		};
/* End PBXNativeTarget section */

/* Begin PBXProject section */
		2CE6DCB8242CD8300095BE6F /* Project object */ = {
			isa = PBXProject;
			attributes = {
				LastSwiftUpdateCheck = 1130;
				LastUpgradeCheck = 1130;
				ORGANIZATIONNAME = Ivan;
				TargetAttributes = {
					2CE6DCBF242CD8300095BE6F = {
						CreatedOnToolsVersion = 11.3.1;
					};
				};
			};
			buildConfigurationList = 2CE6DCBB242CD8300095BE6F /* Build configuration list for PBXProject "HelloViking" */;
			compatibilityVersion = "Xcode 9.3";
			developmentRegion = en;
			hasScannedForEncodings = 0;
			knownRegions = (
				en,
				Base,
			);
			mainGroup = 2CE6DCB7242CD8300095BE6F;
			productRefGroup = 2CE6DCC1242CD8300095BE6F /* Products */;
			projectDirPath = "";
			projectRoot = "";
			targets = (
				2CE6DCBF242CD8300095BE6F /* HelloViking */,
			);
		};
/* End PBXProject section */

/* Begin PBXResourcesBuildPhase section */
		2CE6DCBE242CD8300095BE6F /* Resources */ = {
			isa = PBXResourcesBuildPhase;
			buildActionMask = 2147483647;
			files = (
				2CE6DCD0242CD8350095BE6F /* LaunchScreen.storyboard in Resources */,
				2CE6DCCD242CD8350095BE6F /* Assets.xcassets in Resources */,
				2CE6DCCB242CD8300095BE6F /* Main.storyboard in Resources */,
			);
			runOnlyForDeploymentPostprocessing = 0;
		};
/* End PBXResourcesBuildPhase section */

/* Begin PBXSourcesBuildPhase section */
		2CE6DCBC242CD8300095BE6F /* Sources */ = {
			isa = PBXSourcesBuildPhase;
			buildActionMask = 2147483647;
			files = (
				2CE6DCC8242CD8300095BE6F /* ViewController.swift in Sources */,
				2CE6DCC4242CD8300095BE6F /* AppDelegate.swift in Sources */,
				2CE6DCC6242CD8300095BE6F /* SceneDelegate.swift in Sources */,
			);
			runOnlyForDeploymentPostprocessing = 0;
		};
/* End PBXSourcesBuildPhase section */

/* Begin PBXVariantGroup section */
		2CE6DCC9242CD8300095BE6F /* Main.storyboard */ = {
			isa = PBXVariantGroup;
			children = (
				2CE6DCCA242CD8300095BE6F /* Base */,
			);
			name = Main.storyboard;
			sourceTree = "<group>";
		};
		2CE6DCCE242CD8350095BE6F /* LaunchScreen.storyboard */ = {
			isa = PBXVariantGroup;
			children = (
				2CE6DCCF242CD8350095BE6F /* Base */,
			);
			name = LaunchScreen.storyboard;
			sourceTree = "<group>";
		};
/* End PBXVariantGroup section */

/* Begin XCBuildConfiguration section */
		2CE6DCD2242CD8350095BE6F /* Debug */ = {
			isa = XCBuildConfiguration;
			buildSettings = {
				ALWAYS_SEARCH_USER_PATHS = NO;
				CLANG_ANALYZER_NONNULL = YES;
				CLANG_ANALYZER_NUMBER_OBJECT_CONVERSION = YES_AGGRESSIVE;
				CLANG_CXX_LANGUAGE_STANDARD = "gnu++14";
				CLANG_CXX_LIBRARY = "libc++";
				CLANG_ENABLE_MODULES = YES;
				CLANG_ENABLE_OBJC_ARC = YES;
				CLANG_ENABLE_OBJC_WEAK = YES;
				CLANG_WARN_BLOCK_CAPTURE_AUTORELEASING = YES;
				CLANG_WARN_BOOL_CONVERSION = YES;
				CLANG_WARN_COMMA = YES;
				CLANG_WARN_CONSTANT_CONVERSION = YES;
				CLANG_WARN_DEPRECATED_OBJC_IMPLEMENTATIONS = YES;
				CLANG_WARN_DIRECT_OBJC_ISA_USAGE = YES_ERROR;
				CLANG_WARN_DOCUMENTATION_COMMENTS = YES;
				CLANG_WARN_EMPTY_BODY = YES;
				CLANG_WARN_ENUM_CONVERSION = YES;
				CLANG_WARN_INFINITE_RECURSION = YES;
				CLANG_WARN_INT_CONVERSION = YES;
				CLANG_WARN_NON_LITERAL_NULL_CONVERSION = YES;
				CLANG_WARN_OBJC_IMPLICIT_RETAIN_SELF = YES;
				CLANG_WARN_OBJC_LITERAL_CONVERSION = YES;
				CLANG_WARN_OBJC_ROOT_CLASS = YES_ERROR;
				CLANG_WARN_RANGE_LOOP_ANALYSIS = YES;
				CLANG_WARN_STRICT_PROTOTYPES = YES;
				CLANG_WARN_SUSPICIOUS_MOVE = YES;
				CLANG_WARN_UNGUARDED_AVAILABILITY = YES_AGGRESSIVE;
				CLANG_WARN_UNREACHABLE_CODE = YES;
				CLANG_WARN__DUPLICATE_METHOD_MATCH = YES;
				COPY_PHASE_STRIP = NO;
				DEBUG_INFORMATION_FORMAT = dwarf;
				ENABLE_STRICT_OBJC_MSGSEND = YES;
				ENABLE_TESTABILITY = YES;
				GCC_C_LANGUAGE_STANDARD = gnu11;
				GCC_DYNAMIC_NO_PIC = NO;
				GCC_NO_COMMON_BLOCKS = YES;
				GCC_OPTIMIZATION_LEVEL = 0;
				GCC_PREPROCESSOR_DEFINITIONS = (
					"DEBUG=1",
					"$(inherited)",
				);
				GCC_WARN_64_TO_32_BIT_CONVERSION = YES;
				GCC_WARN_ABOUT_RETURN_TYPE = YES_ERROR;
				GCC_WARN_UNDECLARED_SELECTOR = YES;
				GCC_WARN_UNINITIALIZED_AUTOS = YES_AGGRESSIVE;
				GCC_WARN_UNUSED_FUNCTION = YES;
				GCC_WARN_UNUSED_VARIABLE = YES;
				IPHONEOS_DEPLOYMENT_TARGET = 13.2;
				MTL_ENABLE_DEBUG_INFO = INCLUDE_SOURCE;
				MTL_FAST_MATH = YES;
				ONLY_ACTIVE_ARCH = YES;
				SDKROOT = iphoneos;
				SWIFT_ACTIVE_COMPILATION_CONDITIONS = DEBUG;
				SWIFT_OPTIMIZATION_LEVEL = "-Onone";
			};
			name = Debug;
		};
		2CE6DCD3242CD8350095BE6F /* Release */ = {
			isa = XCBuildConfiguration;
			buildSettings = {
				ALWAYS_SEARCH_USER_PATHS = NO;
				CLANG_ANALYZER_NONNULL = YES;
				CLANG_ANALYZER_NUMBER_OBJECT_CONVERSION = YES_AGGRESSIVE;
				CLANG_CXX_LANGUAGE_STANDARD = "gnu++14";
				CLANG_CXX_LIBRARY = "libc++";
				CLANG_ENABLE_MODULES = YES;
				CLANG_ENABLE_OBJC_ARC = YES;
				CLANG_ENABLE_OBJC_WEAK = YES;
				CLANG_WARN_BLOCK_CAPTURE_AUTORELEASING = YES;
				CLANG_WARN_BOOL_CONVERSION = YES;
				CLANG_WARN_COMMA = YES;
				CLANG_WARN_CONSTANT_CONVERSION = YES;
				CLANG_WARN_DEPRECATED_OBJC_IMPLEMENTATIONS = YES;
				CLANG_WARN_DIRECT_OBJC_ISA_USAGE = YES_ERROR;
				CLANG_WARN_DOCUMENTATION_COMMENTS = YES;
				CLANG_WARN_EMPTY_BODY = YES;
				CLANG_WARN_ENUM_CONVERSION = YES;
				CLANG_WARN_INFINITE_RECURSION = YES;
				CLANG_WARN_INT_CONVERSION = YES;
				CLANG_WARN_NON_LITERAL_NULL_CONVERSION = YES;
				CLANG_WARN_OBJC_IMPLICIT_RETAIN_SELF = YES;
				CLANG_WARN_OBJC_LITERAL_CONVERSION = YES;
				CLANG_WARN_OBJC_ROOT_CLASS = YES_ERROR;
				CLANG_WARN_RANGE_LOOP_ANALYSIS = YES;
				CLANG_WARN_STRICT_PROTOTYPES = YES;
				CLANG_WARN_SUSPICIOUS_MOVE = YES;
				CLANG_WARN_UNGUARDED_AVAILABILITY = YES_AGGRESSIVE;
				CLANG_WARN_UNREACHABLE_CODE = YES;
				CLANG_WARN__DUPLICATE_METHOD_MATCH = YES;
				COPY_PHASE_STRIP = NO;
				DEBUG_INFORMATION_FORMAT = "dwarf-with-dsym";
				ENABLE_NS_ASSERTIONS = NO;
				ENABLE_STRICT_OBJC_MSGSEND = YES;
				GCC_C_LANGUAGE_STANDARD = gnu11;
				GCC_NO_COMMON_BLOCKS = YES;
				GCC_WARN_64_TO_32_BIT_CONVERSION = YES;
				GCC_WARN_ABOUT_RETURN_TYPE = YES_ERROR;
				GCC_WARN_UNDECLARED_SELECTOR = YES;
				GCC_WARN_UNINITIALIZED_AUTOS = YES_AGGRESSIVE;
				GCC_WARN_UNUSED_FUNCTION = YES;
				GCC_WARN_UNUSED_VARIABLE = YES;
				IPHONEOS_DEPLOYMENT_TARGET = 13.2;
				MTL_ENABLE_DEBUG_INFO = NO;
				MTL_FAST_MATH = YES;
				SDKROOT = iphoneos;
				SWIFT_COMPILATION_MODE = wholemodule;
				SWIFT_OPTIMIZATION_LEVEL = "-O";
				VALIDATE_PRODUCT = YES;
			};
			name = Release;
		};
		2CE6DCD5242CD8350095BE6F /* Debug */ = {
			isa = XCBuildConfiguration;
			buildSettings = {
				ASSETCATALOG_COMPILER_APPICON_NAME = AppIcon;
				CODE_SIGN_ENTITLEMENTS = HelloViking/HelloViking.entitlements;
				CODE_SIGN_STYLE = Automatic;
				DEVELOPMENT_TEAM = LSJYLXJKAL;
				INFOPLIST_FILE = HelloViking/Info.plist;
				IPHONEOS_DEPLOYMENT_TARGET = 12.0;
				LD_RUNPATH_SEARCH_PATHS = (
					"$(inherited)",
					"@executable_path/Frameworks",
				);
				MARKETING_VERSION = 1.0.1;
				PRODUCT_BUNDLE_IDENTIFIER = ru.swiftbook.HelloViking;
				PRODUCT_NAME = "$(TARGET_NAME)";
				SWIFT_VERSION = 5.0;
				TARGETED_DEVICE_FAMILY = 1;
			};
			name = Debug;
		};
		2CE6DCD6242CD8350095BE6F /* Release */ = {
			isa = XCBuildConfiguration;
			buildSettings = {
				ASSETCATALOG_COMPILER_APPICON_NAME = AppIcon;
				CODE_SIGN_ENTITLEMENTS = HelloViking/HelloViking.entitlements;
				CODE_SIGN_STYLE = Automatic;
				DEVELOPMENT_TEAM = LSJYLXJKAL;
				INFOPLIST_FILE = HelloViking/Info.plist;
				IPHONEOS_DEPLOYMENT_TARGET = 12.0;
				LD_RUNPATH_SEARCH_PATHS = (
					"$(inherited)",
					"@executable_path/Frameworks",
				);
				MARKETING_VERSION = 1.0.1;
				PRODUCT_BUNDLE_IDENTIFIER = ru.swiftbook.HelloViking;
				PRODUCT_NAME = "$(TARGET_NAME)";
				SWIFT_VERSION = 5.0;
				TARGETED_DEVICE_FAMILY = 1;
			};
			name = Release;
		};
/* End XCBuildConfiguration section */

/* Begin XCConfigurationList section */
		2CE6DCBB242CD8300095BE6F /* Build configuration list for PBXProject "HelloViking" */ = {
			isa = XCConfigurationList;
			buildConfigurations = (
				2CE6DCD2242CD8350095BE6F /* Debug */,
				2CE6DCD3242CD8350095BE6F /* Release */,
			);
			defaultConfigurationIsVisible = 0;
			defaultConfigurationName = Release;
		};
		2CE6DCD4242CD8350095BE6F /* Build configuration list for PBXNativeTarget "HelloViking" */ = {
			isa = XCConfigurationList;
			buildConfigurations = (
				2CE6DCD5242CD8350095BE6F /* Debug */,
				2CE6DCD6242CD8350095BE6F /* Release */,
			);
			defaultConfigurationIsVisible = 0;
			defaultConfigurationName = Release;
		};
/* End XCConfigurationList section */
	};
	rootObject = 2CE6DCB8242CD8300095BE6F /* Project object */;
}
